
Microsoft Visual Studio Solution File, Format Version 12.00
# Visual Studio Version 16
VisualStudioVersion = 16.0.32002.261
MinimumVisualStudioVersion = 10.0.40219.1
Project("{FAE04EC0-301F-11D3-BF4B-00C04F79EFBC}") = "SyntaxEditor_Demo", "SyntaxEditor_Demo.csproj", "{7B58A52C-3853-4A0D-BBEE-090B058E065D}"
EndProject
Global
	GlobalSection(SolutionConfigurationPlatforms) = preSolution
		Debug|Any CPU = Debug|Any CPU
		Release|Any CPU = Release|Any CPU
	EndGlobalSection
	GlobalSection(ProjectConfigurationPlatforms) = postSolution
		{7B58A52C-3853-4A0D-BBEE-090B058E065D}.Debug|Any CPU.ActiveCfg = Debug|Any CPU
		{7B58A52C-3853-4A0D-BBEE-090B058E065D}.Debug|Any CPU.Build.0 = Debug|Any CPU
		{7B58A52C-3853-4A0D-BBEE-090B058E065D}.Release|Any CPU.ActiveCfg = Release|Any CPU
		{7B58A52C-3853-4A0D-BBEE-090B058E065D}.Release|Any CPU.Build.0 = Release|Any CPU
	EndGlobalSection
	GlobalSection(SolutionProperties) = preSolution
		HideSolutionNode = FALSE
	EndGlobalSection
	GlobalSection(ExtensibilityGlobals) = postSolution
		SolutionGuid = {625947D4-598C-46B6-9011-58DA40387A6E}
	EndGlobalSection
EndGlobal
